
Microsoft Visual Studio Solution File, Format Version 12.00
# Visual Studio Version 16
VisualStudioVersion = 16.0.29806.167
MinimumVisualStudioVersion = 10.0.40219.1
Project("{FAE04EC0-301F-11D3-BF4B-00C04F79EFBC}") = "GraduationThesis.WFUI", "GraduationThesis.WFUI\GraduationThesis.WFUI.csproj", "{88395A3E-B3B5-401B-A63F-2C2223FC4A68}"
EndProject
Project("{FAE04EC0-301F-11D3-BF4B-00C04F79EFBC}") = "GraduationThesis.BusinessLogicLayer", "GraduationThesis.BusinessLogicLayer\GraduationThesis.BusinessLogicLayer.csproj", "{DA12ED56-3086-4FF6-9228-54726BAAE296}"
EndProject
Project("{FAE04EC0-301F-11D3-BF4B-00C04F79EFBC}") = "GraduationThesis.DataAccessLayer", "GraduationThesis.DataAccessLayer\GraduationThesis.DataAccessLayer.csproj", "{715C4F9A-5F0A-4A6B-9E95-7DEB4B44D414}"
EndProject
Project("{FAE04EC0-301F-11D3-BF4B-00C04F79EFBC}") = "GraduationThesis.Entities", "GraduationThesis.Entities\GraduationThesis.Entities.csproj", "{F0098FEC-1DEE-4AD8-B532-04A307DF25AF}"
EndProject
Project("{54435603-DBB4-11D2-8724-00A0C9A8B90C}") = "GraduationThesis.Setup", "GraduationThesis.Setup\GraduationThesis.Setup.vdproj", "{00B3C44B-7E51-48FC-A899-83AA511AA795}"
EndProject
Global
	GlobalSection(SolutionConfigurationPlatforms) = preSolution
		Debug|Any CPU = Debug|Any CPU
		Release|Any CPU = Release|Any CPU
	EndGlobalSection
	GlobalSection(ProjectConfigurationPlatforms) = postSolution
		{88395A3E-B3B5-401B-A63F-2C2223FC4A68}.Debug|Any CPU.ActiveCfg = Debug|Any CPU
		{88395A3E-B3B5-401B-A63F-2C2223FC4A68}.Debug|Any CPU.Build.0 = Debug|Any CPU
		{88395A3E-B3B5-401B-A63F-2C2223FC4A68}.Release|Any CPU.ActiveCfg = Release|Any CPU
		{88395A3E-B3B5-401B-A63F-2C2223FC4A68}.Release|Any CPU.Build.0 = Release|Any CPU
		{DA12ED56-3086-4FF6-9228-54726BAAE296}.Debug|Any CPU.ActiveCfg = Debug|Any CPU
		{DA12ED56-3086-4FF6-9228-54726BAAE296}.Debug|Any CPU.Build.0 = Debug|Any CPU
		{DA12ED56-3086-4FF6-9228-54726BAAE296}.Release|Any CPU.ActiveCfg = Release|Any CPU
		{DA12ED56-3086-4FF6-9228-54726BAAE296}.Release|Any CPU.Build.0 = Release|Any CPU
		{715C4F9A-5F0A-4A6B-9E95-7DEB4B44D414}.Debug|Any CPU.ActiveCfg = Debug|Any CPU
		{715C4F9A-5F0A-4A6B-9E95-7DEB4B44D414}.Debug|Any CPU.Build.0 = Debug|Any CPU
		{715C4F9A-5F0A-4A6B-9E95-7DEB4B44D414}.Release|Any CPU.ActiveCfg = Release|Any CPU
		{715C4F9A-5F0A-4A6B-9E95-7DEB4B44D414}.Release|Any CPU.Build.0 = Release|Any CPU
		{F0098FEC-1DEE-4AD8-B532-04A307DF25AF}.Debug|Any CPU.ActiveCfg = Debug|Any CPU
		{F0098FEC-1DEE-4AD8-B532-04A307DF25AF}.Debug|Any CPU.Build.0 = Debug|Any CPU
		{F0098FEC-1DEE-4AD8-B532-04A307DF25AF}.Release|Any CPU.ActiveCfg = Release|Any CPU
		{F0098FEC-1DEE-4AD8-B532-04A307DF25AF}.Release|Any CPU.Build.0 = Release|Any CPU
		{00B3C44B-7E51-48FC-A899-83AA511AA795}.Debug|Any CPU.ActiveCfg = Debug
		{00B3C44B-7E51-48FC-A899-83AA511AA795}.Release|Any CPU.ActiveCfg = Release
	EndGlobalSection
	GlobalSection(SolutionProperties) = preSolution
		HideSolutionNode = FALSE
	EndGlobalSection
	GlobalSection(ExtensibilityGlobals) = postSolution
		SolutionGuid = {49A0B790-E488-4A0B-808C-F8A37CC46DAA}
	EndGlobalSection
EndGlobal
